
Microsoft Visual Studio Solution File, Format Version 12.00
# Visual Studio Version 17
VisualStudioVersion = 17.8.34330.188
MinimumVisualStudioVersion = 10.0.40219.1
Project("{FAE04EC0-301F-11D3-BF4B-00C04F79EFBC}") = "Manager", "Manager\Manager.csproj", "{9A4C29E5-BEC1-470D-B1C9-0817E83CD85F}"
EndProject
Global
	GlobalSection(SolutionConfigurationPlatforms) = preSolution
		Debug|Any CPU = Debug|Any CPU
		Release|Any CPU = Release|Any CPU
	EndGlobalSection
	GlobalSection(ProjectConfigurationPlatforms) = postSolution
		{9A4C29E5-BEC1-470D-B1C9-0817E83CD85F}.Debug|Any CPU.ActiveCfg = Debug|Any CPU
		{9A4C29E5-BEC1-470D-B1C9-0817E83CD85F}.Debug|Any CPU.Build.0 = Debug|Any CPU
		{9A4C29E5-BEC1-470D-B1C9-0817E83CD85F}.Release|Any CPU.ActiveCfg = Release|Any CPU
		{9A4C29E5-BEC1-470D-B1C9-0817E83CD85F}.Release|Any CPU.Build.0 = Release|Any CPU
	EndGlobalSection
	GlobalSection(SolutionProperties) = preSolution
		HideSolutionNode = FALSE
	EndGlobalSection
	GlobalSection(ExtensibilityGlobals) = postSolution
		SolutionGuid = {EB3E39F4-88C8-440C-B511-B2FAD873DD0C}
	EndGlobalSection
EndGlobal
